
Microsoft Visual Studio Solution File, Format Version 12.00
# Visual Studio Version 17
VisualStudioVersion = 17.7.34003.232
MinimumVisualStudioVersion = 10.0.40219.1
Project("{FAE04EC0-301F-11D3-BF4B-00C04F79EFBC}") = "Hardware Info", "Hardware Info.csproj", "{303411F7-8B49-4403-9AE1-2CAA447A5761}"
EndProject
Global
	GlobalSection(SolutionConfigurationPlatforms) = preSolution
		Debug|Any CPU = Debug|Any CPU
		Release|Any CPU = Release|Any CPU
	EndGlobalSection
	GlobalSection(ProjectConfigurationPlatforms) = postSolution
		{303411F7-8B49-4403-9AE1-2CAA447A5761}.Debug|Any CPU.ActiveCfg = Debug|Any CPU
		{303411F7-8B49-4403-9AE1-2CAA447A5761}.Debug|Any CPU.Build.0 = Debug|Any CPU
		{303411F7-8B49-4403-9AE1-2CAA447A5761}.Release|Any CPU.ActiveCfg = Release|Any CPU
		{303411F7-8B49-4403-9AE1-2CAA447A5761}.Release|Any CPU.Build.0 = Release|Any CPU
	EndGlobalSection
	GlobalSection(SolutionProperties) = preSolution
		HideSolutionNode = FALSE
	EndGlobalSection
	GlobalSection(ExtensibilityGlobals) = postSolution
		SolutionGuid = {76045408-98F3-4AA1-8621-BBD7E58A2C70}
	EndGlobalSection
EndGlobal
